
Microsoft Visual Studio Solution File, Format Version 12.00
# Visual Studio Version 17
VisualStudioVersion = 17.14.36127.28
MinimumVisualStudioVersion = 10.0.40219.1
Project("{FAE04EC0-301F-11D3-BF4B-00C04F79EFBC}") = "JournIQ.UI", "JournIQ.UI\JournIQ.UI.csproj", "{EF3E1D1F-664C-4305-8F7C-1B8742920CE1}"
EndProject
Project("{FAE04EC0-301F-11D3-BF4B-00C04F79EFBC}") = "JournalIQ.Core", "JournalIQ.Core\JournalIQ.Core.csproj", "{D1A50635-CBA4-451A-9477-48196004B4C7}"
EndProject
Project("{FAE04EC0-301F-11D3-BF4B-00C04F79EFBC}") = "JournalIQ.Data", "JournalIQ.Data\JournalIQ.Data.csproj", "{09E7CD76-CE8E-4EC6-BD37-510456D8D8E2}"
EndProject
Global
	GlobalSection(SolutionConfigurationPlatforms) = preSolution
		Debug|Any CPU = Debug|Any CPU
		Release|Any CPU = Release|Any CPU
	EndGlobalSection
	GlobalSection(ProjectConfigurationPlatforms) = postSolution
		{EF3E1D1F-664C-4305-8F7C-1B8742920CE1}.Debug|Any CPU.ActiveCfg = Debug|Any CPU
		{EF3E1D1F-664C-4305-8F7C-1B8742920CE1}.Debug|Any CPU.Build.0 = Debug|Any CPU
		{EF3E1D1F-664C-4305-8F7C-1B8742920CE1}.Release|Any CPU.ActiveCfg = Release|Any CPU
		{EF3E1D1F-664C-4305-8F7C-1B8742920CE1}.Release|Any CPU.Build.0 = Release|Any CPU
		{D1A50635-CBA4-451A-9477-48196004B4C7}.Debug|Any CPU.ActiveCfg = Debug|Any CPU
		{D1A50635-CBA4-451A-9477-48196004B4C7}.Debug|Any CPU.Build.0 = Debug|Any CPU
		{D1A50635-CBA4-451A-9477-48196004B4C7}.Release|Any CPU.ActiveCfg = Release|Any CPU
		{D1A50635-CBA4-451A-9477-48196004B4C7}.Release|Any CPU.Build.0 = Release|Any CPU
		{09E7CD76-CE8E-4EC6-BD37-510456D8D8E2}.Debug|Any CPU.ActiveCfg = Debug|Any CPU
		{09E7CD76-CE8E-4EC6-BD37-510456D8D8E2}.Debug|Any CPU.Build.0 = Debug|Any CPU
		{09E7CD76-CE8E-4EC6-BD37-510456D8D8E2}.Release|Any CPU.ActiveCfg = Release|Any CPU
		{09E7CD76-CE8E-4EC6-BD37-510456D8D8E2}.Release|Any CPU.Build.0 = Release|Any CPU
	EndGlobalSection
	GlobalSection(SolutionProperties) = preSolution
		HideSolutionNode = FALSE
	EndGlobalSection
	GlobalSection(ExtensibilityGlobals) = postSolution
		SolutionGuid = {F731FACC-3615-4061-A375-00BD69BBB880}
	EndGlobalSection
EndGlobal
